
Microsoft Visual Studio Solution File, Format Version 12.00
# Visual Studio Version 17
VisualStudioVersion = 17.12.35527.113 d17.12
MinimumVisualStudioVersion = 10.0.40219.1
Project("{FAE04EC0-301F-11D3-BF4B-00C04F79EFBC}") = "Tasks.Server", "Tasks.Server\Tasks.Server.csproj", "{385DD639-116C-464B-AB08-0E164A125F82}"
EndProject
Project("{54A90642-561A-4BB1-A94E-469ADEE60C69}") = "tasks.client", "tasks.client\tasks.client.esproj", "{F41B2F26-0243-46A0-B957-9FCD6A5204A3}"
EndProject
Global
	GlobalSection(SolutionConfigurationPlatforms) = preSolution
		Debug|Any CPU = Debug|Any CPU
		Release|Any CPU = Release|Any CPU
	EndGlobalSection
	GlobalSection(ProjectConfigurationPlatforms) = postSolution
		{385DD639-116C-464B-AB08-0E164A125F82}.Debug|Any CPU.ActiveCfg = Debug|Any CPU
		{385DD639-116C-464B-AB08-0E164A125F82}.Debug|Any CPU.Build.0 = Debug|Any CPU
		{385DD639-116C-464B-AB08-0E164A125F82}.Release|Any CPU.ActiveCfg = Release|Any CPU
		{385DD639-116C-464B-AB08-0E164A125F82}.Release|Any CPU.Build.0 = Release|Any CPU
		{F41B2F26-0243-46A0-B957-9FCD6A5204A3}.Debug|Any CPU.ActiveCfg = Debug|Any CPU
		{F41B2F26-0243-46A0-B957-9FCD6A5204A3}.Debug|Any CPU.Build.0 = Debug|Any CPU
		{F41B2F26-0243-46A0-B957-9FCD6A5204A3}.Debug|Any CPU.Deploy.0 = Debug|Any CPU
		{F41B2F26-0243-46A0-B957-9FCD6A5204A3}.Release|Any CPU.ActiveCfg = Release|Any CPU
		{F41B2F26-0243-46A0-B957-9FCD6A5204A3}.Release|Any CPU.Build.0 = Release|Any CPU
		{F41B2F26-0243-46A0-B957-9FCD6A5204A3}.Release|Any CPU.Deploy.0 = Release|Any CPU
	EndGlobalSection
	GlobalSection(SolutionProperties) = preSolution
		HideSolutionNode = FALSE
	EndGlobalSection
EndGlobal
